
Microsoft Visual Studio Solution File, Format Version 12.00
# Visual Studio 2012
Project("{FAE04EC0-301F-11D3-BF4B-00C04F79EFBC}") = "FakeService", "FakeService\FakeService.csproj", "{6600291F-A7C4-441D-A4B5-6B134FB4413A}"
EndProject
Global
	GlobalSection(SolutionConfigurationPlatforms) = preSolution
		Debug|Any CPU = Debug|Any CPU
		Release|Any CPU = Release|Any CPU
	EndGlobalSection
	GlobalSection(ProjectConfigurationPlatforms) = postSolution
		{6600291F-A7C4-441D-A4B5-6B134FB4413A}.Debug|Any CPU.ActiveCfg = Debug|Any CPU
		{6600291F-A7C4-441D-A4B5-6B134FB4413A}.Debug|Any CPU.Build.0 = Debug|Any CPU
		{6600291F-A7C4-441D-A4B5-6B134FB4413A}.Release|Any CPU.ActiveCfg = Release|Any CPU
		{6600291F-A7C4-441D-A4B5-6B134FB4413A}.Release|Any CPU.Build.0 = Release|Any CPU
	EndGlobalSection
	GlobalSection(SolutionProperties) = preSolution
		HideSolutionNode = FALSE
	EndGlobalSection
EndGlobal
